{
  "version": "4",
  "specifiers": {
    "jsr:@std/assert@1": "1.0.12",
    "jsr:@std/bytes@^1.0.5": "1.0.5",
    "jsr:@std/csv@*": "1.0.5",
    "jsr:@std/dotenv@*": "0.225.3",
    "jsr:@std/internal@^1.0.6": "1.0.6",
    "jsr:@std/streams@^1.0.8": "1.0.9",
    "jsr:@ventgrey/pbdq@~0.22.5": "0.22.5",
    "npm:moment@^2.30.1": "2.30.1",
    "npm:node-unrtf@*": "5.0.5",
    "npm:node-unrtf@^5.0.5": "5.0.5",
    "npm:pocketbase@*": "0.26.0",
    "npm:pocketbase@0.26": "0.26.0",
    "npm:pocketbase@0.8.1": "0.8.1",
    "npm:pocketbase@~0.21.3": "0.21.5",
    "npm:rtf-converter@*": "0.1.22",
    "npm:rtf-converter@~0.1.22": "0.1.22",
    "npm:textract@*": "2.5.0",
    "npm:textract@^2.5.0": "2.5.0"
  },
  "jsr": {
    "@std/assert@1.0.12": {
      "integrity": "08009f0926dda9cbd8bef3a35d3b6a4b964b0ab5c3e140a4e0351fbf34af5b9a",
      "dependencies": [
        "jsr:@std/internal"
      ]
    },
    "@std/bytes@1.0.5": {
      "integrity": "4465dd739d7963d964c809202ebea6d5c6b8e3829ef25c6a224290fbb8a1021e"
    },
    "@std/csv@1.0.5": {
      "integrity": "02006ffd77e84b2bf01968d4e792f0b5cba057c73dc6a89accb96d803493675f",
      "dependencies": [
        "jsr:@std/streams"
      ]
    },
    "@std/dotenv@0.225.3": {
      "integrity": "a95e5b812c27b0854c52acbae215856d9cce9d4bbf774d938c51d212711e8d4a"
    },
    "@std/internal@1.0.6": {
      "integrity": "9533b128f230f73bd209408bb07a4b12f8d4255ab2a4d22a1fd6d87304aca9a4"
    },
    "@std/streams@1.0.9": {
      "integrity": "a9d26b1988cdd7aa7b1f4b51e1c36c1557f3f252880fa6cc5b9f37078b1a5035",
      "dependencies": [
        "jsr:@std/bytes"
      ]
    },
    "@ventgrey/pbdq@0.22.5": {
      "integrity": "8153a6de848f87810bac287313b5aec7232a31e9061ff2a72e5993f449cc0d3e",
      "dependencies": [
        "npm:pocketbase@~0.21.3"
      ]
    }
  },
  "npm": {
    "@types/node@22.12.0": {
      "integrity": "sha512-Fll2FZ1riMjNmlmJOdAyY5pUbkftXslB5DgEzlIuNaiWhXd00FhWxVC/r4yV/4wBb9JfImTu+jiSvXTkJ7F/gA==",
      "dependencies": [
        "undici-types"
      ]
    },
    "adler-32@1.3.1": {
      "integrity": "sha512-ynZ4w/nUUv5rrsR8UUGoe1VC9hZj6V5hU9Qw1HlMDJGEJw5S7TfTErWTjMys6M7vr0YWcPqs3qAr4ss0nDfP+A=="
    },
    "adm-zip@0.4.16": {
      "integrity": "sha512-TFi4HBKSGfIKsK5YCkKaaFG2m4PEDyViZmEwof3MTIgzimHLto6muaHVpbrljdIvIrFZzEq/p4nafOeLcYegrg=="
    },
    "array-find-index@1.0.2": {
      "integrity": "sha512-M1HQyIXcBGtVywBt8WVdim+lrNaK7VHp99Qt5pSNziXznKHViIBbXWtfRTpEFpF/c4FdfxNAsCCwPp5phBYJtw=="
    },
    "babyparse@0.2.1": {
      "integrity": "sha512-94zhgPYkWLpOCB8BkGyGkXNFCBh0TsRWBGmmoXvR8imRe/hQiLIm0V5zVoKPKIjQ8y52hKtFchiPxJcz1QaH5Q=="
    },
    "bluebird@3.7.2": {
      "integrity": "sha512-XpNj6GDQzdfW+r2Wnn7xiSAd7TM3jzkxGXBGTtWKuSXv1xUV+azxAm8jdWZN06QTQk+2N2XB9jRDkvbmQmcRtg=="
    },
    "boolbase@1.0.0": {
      "integrity": "sha512-JZOSA7Mo9sNGB8+UjSgzdLtokWAky1zbztM3WRLCbZ70/3cTANmQmOdR7y2g+J0e2WXywy1yS468tY+IruqEww=="
    },
    "buffer-crc32@0.2.13": {
      "integrity": "sha512-VO9Ht/+p3SN7SKWqcrgEzjGbRSJYTx+Q1pTQC0wrWqHx0vpJraQ6GtHx8tvcg1rlK1byhU5gccxgOgj7B0TDkQ=="
    },
    "buffer-from@1.1.2": {
      "integrity": "sha512-E+XQCRwSbaaiChtv6k6Dwgc+bx+Bs6vuKJHHl5kox/BaKbhiXzqQOwK4cO22yElGp2OCmjwVhT3HmxgyPGnJfQ=="
    },
    "camelcase-keys@2.1.0": {
      "integrity": "sha512-bA/Z/DERHKqoEOrp+qeGKw1QlvEQkGZSc0XaY6VnTxZr+Kv1G5zFwttpjv8qxZ/sBPT4nthwZaAcsAZTJlSKXQ==",
      "dependencies": [
        "camelcase",
        "map-obj"
      ]
    },
    "camelcase@2.1.1": {
      "integrity": "sha512-DLIsRzJVBQu72meAKPkWQOLcujdXT32hwdfnkI1frSiSRMK1MofjKHf+MEx0SB6fjEFXL8fBDv1dKymBlOp4Qw=="
    },
    "capture-stack-trace@1.0.2": {
      "integrity": "sha512-X/WM2UQs6VMHUtjUDnZTRI+i1crWteJySFzr9UpGoQa4WQffXVTTXuekjl7TjZRlcF2XfjgITT0HxZ9RnxeT0w=="
    },
    "cfb@0.11.1": {
      "integrity": "sha512-1GEqpcO365hTRpP+GzHXNiUF5SB7qmY5aVYwrJm8ISx27HzHpaFlTQhnOCMNhqP0WPkHR0OGE9WDSqtksV4anw==",
      "dependencies": [
        "commander"
      ]
    },
    "cheerio@1.0.0-rc.2": {
      "integrity": "sha512-9LDHQy1jHc/eXMzPN6/oah9Qba4CjdKECC7YYEE/2zge/tsGwt19NQp5NFdfd5Lx6TZlyC5SXNQkG41P9r6XDg==",
      "dependencies": [
        "css-select",
        "dom-serializer",
        "entities",
        "htmlparser2",
        "lodash",
        "parse5"
      ]
    },
    "codepage@1.15.0": {
      "integrity": "sha512-3g6NUTPd/YtuuGrhMnOMRjFc+LJw/bnMp3+0r/Wcz3IXUuCosKRJvMphm5+Q+bvTVGcJJuRvVLuYba+WojaFaA=="
    },
    "codepage@1.3.8": {
      "integrity": "sha512-cjAoQW5L/TCKWRbzt/xGBvhwJKQFhcIVO0jWQtpKQx4gr9qvXNkpRfq6gSmjjA8dB2Is/DPOb7gNwqQXP7UgTQ==",
      "dependencies": [
        "commander",
        "concat-stream",
        "voc"
      ]
    },
    "colors@0.6.2": {
      "integrity": "sha512-OsSVtHK8Ir8r3+Fxw/b4jS1ZLPXkV6ZxDRJQzeD7qo0SqMXWrHDM71DgYzPMHY8SFJ0Ao+nNU2p1MmwdzKqPrw=="
    },
    "commander@12.1.0": {
      "integrity": "sha512-Vw8qHK3bZM9y/P10u3Vib8o/DdkvA2OtPtZvD871QKjy74Wj1WSKFILMPRPSdUSx5RFK1arlJzEtA4PkFgnbuA=="
    },
    "concat-stream@2.0.0": {
      "integrity": "sha512-MWufYdFw53ccGjCA+Ol7XJYpAlW6/prSMzuPOTRnJGcGzuhLn4Scrz7qf6o8bROZ514ltazcIFJZevcfbo0x7A==",
      "dependencies": [
        "buffer-from",
        "inherits",
        "readable-stream@3.6.2",
        "typedarray"
      ]
    },
    "core-util-is@1.0.3": {
      "integrity": "sha512-ZQBvi1DcpJ4GDqanjucZ2Hj3wEO5pZDS89BWbkcrvdxksJorwUDDZamX9ldFkp9aw2lmBDLgkObEA4DWNJ9FYQ=="
    },
    "crc-32@1.2.2": {
      "integrity": "sha512-ROmzCKrTnOwybPcJApAA6WBWij23HVfGVNKqqrZpuyZOHqK2CwHSvpGuyt/UNNvaIjEd8X5IFGp4Mh+Ie1IHJQ=="
    },
    "create-error-class@3.0.2": {
      "integrity": "sha512-gYTKKexFO3kh200H1Nit76sRwRtOY32vQd3jpAQKpLtZqyNsSQNfI4N7o3eP2wUjV35pTWKRYqFUDBvUha/Pkw==",
      "dependencies": [
        "capture-stack-trace"
      ]
    },
    "css-select@1.2.0": {
      "integrity": "sha512-dUQOBoqdR7QwV90WysXPLXG5LO7nhYBgiWVfxF80DKPF8zx1t/pUd2FYy73emg3zrjtM6dzmYgbHKfV2rxiHQA==",
      "dependencies": [
        "boolbase",
        "css-what",
        "domutils",
        "nth-check"
      ]
    },
    "css-what@2.1.3": {
      "integrity": "sha512-a+EPoD+uZiNfh+5fxw2nO9QwFa6nJe2Or35fGY6Ipw1R3R4AGz1d1TEZrCegvw2YTmZ0jXirGYlzxxpYSHwpEg=="
    },
    "currently-unhandled@0.4.1": {
      "integrity": "sha512-/fITjgjGU50vjQ4FH6eUoYu+iUoUKIXws2hL15JJpIR+BbTxaXQsMuuyjtNh2WqsSBS5nsaZHFsFecyw5CCAng==",
      "dependencies": [
        "array-find-index"
      ]
    },
    "decamelize@1.2.0": {
      "integrity": "sha512-z2S+W9X73hAUUki+N+9Za2lBlun89zigOyGrsax+KUQ6wKW4ZoWpEYBkGhQjwAjjDCkWxhY0VKEhk8wzY7F5cA=="
    },
    "dom-serializer@0.1.1": {
      "integrity": "sha512-l0IU0pPzLWSHBcieZbpOKgkIn3ts3vAh7ZuFyXNwJxJXk/c4Gwj9xaTJwIDVQCXawWD0qb3IzMGH5rglQaO0XA==",
      "dependencies": [
        "domelementtype",
        "entities"
      ]
    },
    "domelementtype@1.3.1": {
      "integrity": "sha512-BSKB+TSpMpFI/HOxCNr1O8aMOTZ8hT3pM3GQ0w/mWRmkhEDSFJkkyzz4XQsBV44BChwGkrDfMyjVD0eA2aFV3w=="
    },
    "domhandler@2.4.2": {
      "integrity": "sha512-JiK04h0Ht5u/80fdLMCEmV4zkNh2BcoMFBmZ/91WtYZ8qVXSKjiw7fXMgFPnHcSZgOo3XdinHvmnDUeMf5R4wA==",
      "dependencies": [
        "domelementtype"
      ]
    },
    "domutils@1.5.1": {
      "integrity": "sha512-gSu5Oi/I+3wDENBsOWBiRK1eoGxcywYSqg3rR960/+EfY0CF4EX1VPkgHOZ3WiS/Jg2DtliF6BhWcHlfpYUcGw==",
      "dependencies": [
        "dom-serializer",
        "domelementtype"
      ]
    },
    "duplexer2@0.1.4": {
      "integrity": "sha512-asLFVfWWtJ90ZyOUHMqk7/S2w2guQKxUI2itj3d92ADHhxUSbCMGi1f1cBcJ7xM1To+pE/Khbwo1yuNbMEPKeA==",
      "dependencies": [
        "readable-stream@2.3.8"
      ]
    },
    "entities@1.1.2": {
      "integrity": "sha512-f2LZMYl1Fzu7YSBKg+RoROelpOaNrcGmE9AZubeDfrCEia483oW4MI4VyFd5VNHIgQ/7qm1I0wUHK1eJnn2y2w=="
    },
    "epub2@1.3.4": {
      "integrity": "sha512-KSkxyVaIDZfez+epxNVr9ALql4TxAuyJeweBFJ/bQ8J+bLALb5qZdfe16T7ZbyuC1GXlyUMVDkSUP7SB95pc/A==",
      "dependencies": [
        "adm-zip",
        "bluebird",
        "xml2js"
      ]
    },
    "error-ex@1.3.2": {
      "integrity": "sha512-7dFHNmqeFSEt2ZBsCriorKnn3Z2pj+fd9kmI6QoWw4//DL+icEBfc0U7qJCisqrTsKTjw4fNFy2pW9OqStD84g==",
      "dependencies": [
        "is-arrayish"
      ]
    },
    "exit-on-epipe@1.0.1": {
      "integrity": "sha512-h2z5mrROTxce56S+pnvAV890uu7ls7f1kEvVGJbw1OlFH3/mlJ5bkXu0KRyW94v37zzHPiUd55iLn3DA7TjWpw=="
    },
    "fd-slicer@1.0.1": {
      "integrity": "sha512-MX1ZLPIuKED51hrI4++K+1B0VX87Cs4EkybD2q12Ysuf5p4vkmHqMvQJRlDwROqFr4D2Pzyit5wGQxf30grIcw==",
      "dependencies": [
        "pend"
      ]
    },
    "find-up@1.1.2": {
      "integrity": "sha512-jvElSjyuo4EMQGoTwo1uJU5pQMwTW5lS1x05zzfJuTIyLR3zwO27LYrxNg+dlvKpGOuGy/MzBdXh80g0ve5+HA==",
      "dependencies": [
        "path-exists",
        "pinkie-promise"
      ]
    },
    "frac@0.3.1": {
      "integrity": "sha512-1Lzf2jOjhIkRaa013KlxNOn2D9FemmQNeYUDpEIyPeFXmpLvbZXJOlaayMBT6JKXx+afQFgQ1QJ4kaF7Z07QFQ=="
    },
    "function-bind@1.1.2": {
      "integrity": "sha512-7XHNxH7qX9xG5mIwxkhumTox/MIRNcOgDrxWsMt2pAr23WHp6MrRlN7FBSFpCpr+oVO0F744iUgR82nJMfG2SA=="
    },
    "get-stdin@4.0.1": {
      "integrity": "sha512-F5aQMywwJ2n85s4hJPTT9RPxGmubonuB10MNYo17/xph174n2MIR33HRguhzVag10O/npM7SPk73LMZNP+FaWw=="
    },
    "got@5.7.1": {
      "integrity": "sha512-1qd54GLxvVgzuidFmw9ze9umxS3rzhdBH6Wt6BTYrTQUXTN01vGGYXwzLzYLowNx8HBH3/c7kRyvx90fh13i7Q==",
      "dependencies": [
        "create-error-class",
        "duplexer2",
        "is-redirect",
        "is-retry-allowed",
        "is-stream",
        "lowercase-keys",
        "node-status-codes",
        "object-assign",
        "parse-json",
        "pinkie-promise",
        "read-all-stream",
        "readable-stream@2.3.8",
        "timed-out",
        "unzip-response",
        "url-parse-lax"
      ]
    },
    "graceful-fs@4.2.11": {
      "integrity": "sha512-RbJ5/jmFcNNCcDV5o9eTnBLJ/HszWV0P73bc+Ff4nS/rJj+YaS6IGyiOL0VoBYX+l1Wrl3k63h/KrH+nhJ0XvQ=="
    },
    "harb@0.0.7": {
      "integrity": "sha512-UgVmR4wXa1PXz9TKLrqwljer9bXOXNXBsWgKSk+Fauyi5CD4QWBeX+5fglXRUCHPrpfTyeA9bSmgDyjIHTLS4A==",
      "dependencies": [
        "babyparse",
        "codepage@1.15.0",
        "commander",
        "ssf"
      ]
    },
    "hasown@2.0.2": {
      "integrity": "sha512-0hJU9SCPvmMzIBdZFqNPXWa6dqh7WdH0cII9y+CyS8rG3nL48Bclra9HmKhVVUHyPWNH5Y7xDwAB7bfgSjkUMQ==",
      "dependencies": [
        "function-bind"
      ]
    },
    "hosted-git-info@2.8.9": {
      "integrity": "sha512-mxIDAb9Lsm6DoOJ7xH+5+X4y1LU/4Hi50L9C5sIswK3JzULS4bwk1FvjdBgvYR4bzT4tuUQiC15FE2f5HbLvYw=="
    },
    "html-entities@1.2.0": {
      "integrity": "sha512-0md7tlUUyb0BEQGsZzbqty1CgV6RESOoxdivt94AScqhBhYsPCCQCOaGvur/RospMjYpPJ7iFe3zw4Bu4SVA8g=="
    },
    "htmlparser2@3.10.1": {
      "integrity": "sha512-IgieNijUMbkDovyoKObU1DUhm1iwNYE/fuifEoEHfd1oZKZDaONBSkal7Y01shxsM49R4XaMdGez3WnF9UfiCQ==",
      "dependencies": [
        "domelementtype",
        "domhandler",
        "domutils",
        "entities",
        "inherits",
        "readable-stream@3.6.2"
      ]
    },
    "iconv-lite@0.4.15": {
      "integrity": "sha512-RGR+c9Lm+tLsvU57FTJJtdbv2hQw42Yl2n26tVIBaYmZzLN+EGfroUugN/z9nJf9kOXd49hBmpoGr4FEm+A4pw=="
    },
    "indent-string@2.1.0": {
      "integrity": "sha512-aqwDFWSgSgfRaEwao5lg5KEcVd/2a+D1rvoG7NdilmYz0NwRk6StWpWdz/Hpk34MKPpx7s8XxUqimfcQK6gGlg==",
      "dependencies": [
        "repeating"
      ]
    },
    "inherits@2.0.4": {
      "integrity": "sha512-k/vGaX4/Yla3WzyMCvTQOXYeIHvqOKtnqBduzTHpzpQZzAskKMhZ2K+EnBiSM9zGSoIFeMpXKxa4dYeZIQqewQ=="
    },
    "is-arrayish@0.2.1": {
      "integrity": "sha512-zz06S8t0ozoDXMG+ube26zeCTNXcKIPJZJi8hBrF4idCLms4CG9QtK7qBl1boi5ODzFpjswb5JPmHCbMpjaYzg=="
    },
    "is-core-module@2.16.1": {
      "integrity": "sha512-UfoeMA6fIJ8wTYFEUjelnaGI67v6+N7qXJEvQuIGa99l4xsCruSYOVSQ0uPANn4dAzm8lkYPaKLrrijLq7x23w==",
      "dependencies": [
        "hasown"
      ]
    },
    "is-finite@1.1.0": {
      "integrity": "sha512-cdyMtqX/BOqqNBBiKlIVkytNHm49MtMlYyn1zxzvJKWmFMlGzm+ry5BBfYyeY9YmNKbRSo/o7OX9w9ale0wg3w=="
    },
    "is-redirect@1.0.0": {
      "integrity": "sha512-cr/SlUEe5zOGmzvj9bUyC4LVvkNVAXu4GytXLNMr1pny+a65MpQ9IJzFHD5vi7FyJgb4qt27+eS3TuQnqB+RQw=="
    },
    "is-retry-allowed@1.2.0": {
      "integrity": "sha512-RUbUeKwvm3XG2VYamhJL1xFktgjvPzL0Hq8C+6yrWIswDy3BIXGqCxhxkc30N9jqK311gVU137K8Ei55/zVJRg=="
    },
    "is-stream@1.1.0": {
      "integrity": "sha512-uQPm8kcs47jx38atAcWTVxyltQYoPT68y9aWYdV6yWXSyW8mzSat0TL6CiWdZeCdF3KrAvpVtnHbTv4RN+rqdQ=="
    },
    "is-utf8@0.2.1": {
      "integrity": "sha512-rMYPYvCzsXywIsldgLaSoPlw5PfoB/ssr7hY4pLfcodrA5M/eArza1a9VmTiNIBNMjOGr1Ow9mTyU2o69U6U9Q=="
    },
    "isarray@1.0.0": {
      "integrity": "sha512-VLghIWNM6ELQzo7zwmcg0NmTVyWKYjvIeM83yjp0wRDTmUnrM678fQbcKBo6n2CJEF0szoG//ytg+TKla89ALQ=="
    },
    "j@0.4.3": {
      "integrity": "sha512-4VkRtT9V/3fFjdy4m53W8ME/luT3YAXh+aRd4OsaKRM0D6Rm+vVtPZrOKxeXkLbEJxCM/UVRUy66i7zBPi7dcg==",
      "dependencies": [
        "commander",
        "concat-stream",
        "harb",
        "xlsjs",
        "xlsx"
      ]
    },
    "jschardet@1.4.1": {
      "integrity": "sha512-VY1R9qIkqzb9si89CKU35n1LutiHmCxcDo+u8dEA+vl9VykJuB3Kf2Cu24AT03utlsGEoOl8c3c0qpPh8mOY8Q=="
    },
    "jszip@2.4.0": {
      "integrity": "sha512-m+yvNmYfRCaf1gr5YFT5e3fnSqLnE9McbNyRd0fNycsT0HltS19NKc18fh3Lvl/AIW/ovL6/MQ1JnfFg4G3o4A==",
      "dependencies": [
        "pako"
      ]
    },
    "load-json-file@1.1.0": {
      "integrity": "sha512-cy7ZdNRXdablkXYNI049pthVeXFurRyb9+hA/dZzerZ0pGTx42z+y+ssxBaVV2l70t1muq5IdKhn4UtcoGUY9A==",
      "dependencies": [
        "graceful-fs",
        "parse-json",
        "pify",
        "pinkie-promise",
        "strip-bom"
      ]
    },
    "lodash@4.17.21": {
      "integrity": "sha512-v2kDEe57lecTulaDIuNTPy3Ry4gLGJ6Z1O3vE1krgXZNrsQ+LFTGHVxVjcXPs17LhbZVGedAJv8XZ1tvj5FvSg=="
    },
    "loud-rejection@1.6.0": {
      "integrity": "sha512-RPNliZOFkqFumDhvYqOaNY4Uz9oJM2K9tC6JWsJJsNdhuONW4LQHRBpb0qf4pJApVffI5N39SwzWZJuEhfd7eQ==",
      "dependencies": [
        "currently-unhandled",
        "signal-exit"
      ]
    },
    "lowercase-keys@1.0.1": {
      "integrity": "sha512-G2Lj61tXDnVFFOi8VZds+SoQjtQC3dgokKdDG2mTm1tx4m50NUHBOZSBwQQHyy0V12A0JTG4icfZQH+xPyh8VA=="
    },
    "map-obj@1.0.1": {
      "integrity": "sha512-7N/q3lyZ+LVCp7PzuxrJr4KMbBE2hW7BT7YNia330OFxIf4d3r5zVpicP2650l7CPN6RM9zOJRl3NGpqSiw3Eg=="
    },
    "marked@0.6.2": {
      "integrity": "sha512-LqxwVH3P/rqKX4EKGz7+c2G9r98WeM/SW34ybhgNGhUQNKtf1GmmSkJ6cDGJ/t6tiyae49qRkpyTw2B9HOrgUA=="
    },
    "meow@3.7.0": {
      "integrity": "sha512-TNdwZs0skRlpPpCUK25StC4VH+tP5GgeY1HQOOGP+lQ2xtdkN2VtT/5tiX9k3IWpkBPV9b3LsAWXn4GGi/PrSA==",
      "dependencies": [
        "camelcase-keys",
        "decamelize",
        "loud-rejection",
        "map-obj",
        "minimist",
        "normalize-package-data",
        "object-assign",
        "read-pkg-up",
        "redent",
        "trim-newlines"
      ]
    },
    "mime@2.2.0": {
      "integrity": "sha512-0Qz9uF1ATtl8RKJG4VRfOymh7PyEor6NbrI/61lRfuRe4vx9SNATrvAeTj2EWVRKjEQGskrzWkJBBY5NbaVHIA=="
    },
    "minimist@1.2.8": {
      "integrity": "sha512-2yyAR8qBkN3YuheJanUpWC5U3bb5osDywNB8RzDVlDwDHbocAJveqqj1u8+SVD7jkWT4yvsHCpWqqWqAxb0zCA=="
    },
    "moment@2.30.1": {
      "integrity": "sha512-uEmtNhbDOrWPFS+hdjFCBfy9f2YoyzRpwcl+DqpC6taX21FzsTLQVbMV/W7PzNSX6x/bhC1zA3c2UQ5NzH6how=="
    },
    "node-status-codes@1.0.0": {
      "integrity": "sha512-1cBMgRxdMWE8KeWCqk2RIOrvUb0XCwYfEsY5/y2NlXyq4Y/RumnOZvTj4Nbr77+Vb2C+kyBoRTdkNOS8L3d/aQ=="
    },
    "node-unrtf@5.0.5": {
      "integrity": "sha512-utYDdr7cMSHmq/XJ3356JOfkQgh6vnTc3Z1UUhHEvlvfzXzBSOqnqmR0cCv7LMWUo7BUswpXdYTpQ5leXV77gA==",
      "dependencies": [
        "semver@7.7.1"
      ]
    },
    "normalize-package-data@2.5.0": {
      "integrity": "sha512-/5CMN3T0R4XTj4DcGaexo+roZSdSFW/0AOOTROrjxzCG1wrWXEsGbRKevjlIL+ZDE4sZlJr5ED4YW0yqmkK+eA==",
      "dependencies": [
        "hosted-git-info",
        "resolve",
        "semver@5.7.2",
        "validate-npm-package-license"
      ]
    },
    "nth-check@1.0.2": {
      "integrity": "sha512-WeBOdju8SnzPN5vTUJYxYUxLeXpCaVP5i5e0LF8fg7WORF2Wd7wFX/pk0tYZk7s8T+J7VLy0Da6J1+wCT0AtHg==",
      "dependencies": [
        "boolbase"
      ]
    },
    "object-assign@4.1.1": {
      "integrity": "sha512-rJgTQnkUnH1sFw8yT6VSU3zD3sWmu6sZhIseY8VX+GRu3P6F7Fu+JNDoXfklElbLJSnc3FUQHVe4cU5hj+BcUg=="
    },
    "pako@0.2.9": {
      "integrity": "sha512-NUcwaKxUxWrZLpDG+z/xZaCgQITkA/Dv4V/T6bw7VON6l1Xz/VnrBqrYjZQ12TamKHzITTfOEIYUj48y2KXImA=="
    },
    "parse-json@2.2.0": {
      "integrity": "sha512-QR/GGaKCkhwk1ePQNYDRKYZ3mwU9ypsKhB0XyFnLQdomyEqk3e8wpW3V5Jp88zbxK4n5ST1nqo+g9juTpownhQ==",
      "dependencies": [
        "error-ex"
      ]
    },
    "parse5@3.0.3": {
      "integrity": "sha512-rgO9Zg5LLLkfJF9E6CCmXlSE4UVceloys8JrFqCcHloC3usd/kJCyPDwH2SOlzix2j3xaP9sUX3e8+kvkuleAA==",
      "dependencies": [
        "@types/node"
      ]
    },
    "path-exists@2.1.0": {
      "integrity": "sha512-yTltuKuhtNeFJKa1PiRzfLAU5182q1y4Eb4XCJ3PBqyzEDkAZRzBrKKBct682ls9reBVHf9udYLN5Nd+K1B9BQ==",
      "dependencies": [
        "pinkie-promise"
      ]
    },
    "path-parse@1.0.7": {
      "integrity": "sha512-LDJzPVEEEPR+y48z93A0Ed0yXb8pAByGWo/k5YYdYgpY2/2EsOsksJrq7lOHxryrVOn1ejG6oAp8ahvOIQD8sw=="
    },
    "path-type@1.1.0": {
      "integrity": "sha512-S4eENJz1pkiQn9Znv33Q+deTOKmbl+jj1Fl+qiP/vYezj+S8x+J3Uo0ISrx/QoEvIlOaDWJhPaRd1flJ9HXZqg==",
      "dependencies": [
        "graceful-fs",
        "pify",
        "pinkie-promise"
      ]
    },
    "pdf-text-extract@1.3.1": {
      "integrity": "sha512-SFOPNOajIvJTkbdsTXuaO2Dh0x1h1sdak4W4nt6qY7pW2mV9Q8EavRQXTt/3xGZnYyhwq99KifcSYF+w9KBk8w==",
      "dependencies": [
        "yargs"
      ]
    },
    "pend@1.2.0": {
      "integrity": "sha512-F3asv42UuXchdzt+xXqfW1OGlVBe+mxa2mqI0pg5yAHZPvFmY3Y6drSf/GQ1A86WgWEN9Kzh/WrgKa6iGcHXLg=="
    },
    "pify@2.3.0": {
      "integrity": "sha512-udgsAY+fTnvv7kI7aaxbqwWNb0AHiB0qBO89PZKPkoTmGOgdbrHDKD+0B2X4uTfJ/FT1R09r9gTsjUjNJotuog=="
    },
    "pinkie-promise@2.0.1": {
      "integrity": "sha512-0Gni6D4UcLTbv9c57DfxDGdr41XfgUjqWZu492f0cIGr16zDU06BWP/RAEvOuo7CQ0CNjHaLlM59YJJFm3NWlw==",
      "dependencies": [
        "pinkie"
      ]
    },
    "pinkie@2.0.4": {
      "integrity": "sha512-MnUuEycAemtSaeFSjXKW/aroV7akBbY+Sv+RkyqFjgAe73F+MR0TBWKBRDkmfWq/HiFmdavfZ1G7h4SPZXaCSg=="
    },
    "pocketbase@0.21.5": {
      "integrity": "sha512-bnI/uinnQps+ElSlzxkc4yvwuSFfKcoszDtXH/4QT2FhGq2mJVUvDlxn+rjRXVntUjPfmMG5LEPZ1eGqV6ssog=="
    },
    "pocketbase@0.26.0": {
      "integrity": "sha512-WBBeOgz4Jnrd7a1KEzSBUJqpTortKKCcp16j5KoF+4tNIyQHsmynj+qRSvS56/RVacVMbAqO8Qkfj3N84fpzEw=="
    },
    "pocketbase@0.8.1": {
      "integrity": "sha512-6ABZJ6gEvkfT46otZbyC+4JQ8kaV/I3tKP2HcqtBU4QIYKaha/THekVPq0dmpj88oGiTIGf+L1Hd5EXLL/T70w=="
    },
    "prepend-http@1.0.4": {
      "integrity": "sha512-PhmXi5XmoyKw1Un4E+opM2KcsJInDvKyuOumcjjw3waw86ZNjHwVUOOWLc4bCzLdcKNaWBH9e99sbWzDQsVaYg=="
    },
    "process-nextick-args@2.0.1": {
      "integrity": "sha512-3ouUOpQhtgrbOa17J7+uxOTpITYWaGP7/AhoR3+A+/1e9skrzelGi/dXzEYyvbxubEF6Wn2ypscTKiKJFFn1ag=="
    },
    "read-all-stream@3.1.0": {
      "integrity": "sha512-DI1drPHbmBcUDWrJ7ull/F2Qb8HkwBncVx8/RpKYFSIACYaVRQReISYPdZz/mt1y1+qMCOrfReTopERmaxtP6w==",
      "dependencies": [
        "pinkie-promise",
        "readable-stream@2.3.8"
      ]
    },
    "read-pkg-up@1.0.1": {
      "integrity": "sha512-WD9MTlNtI55IwYUS27iHh9tK3YoIVhxis8yKhLpTqWtml739uXc9NWTpxoHkfZf3+DkCCsXox94/VWZniuZm6A==",
      "dependencies": [
        "find-up",
        "read-pkg"
      ]
    },
    "read-pkg@1.1.0": {
      "integrity": "sha512-7BGwRHqt4s/uVbuyoeejRn4YmFnYZiFl4AuaeXHlgZf3sONF0SOGlxs2Pw8g6hCKupo08RafIO5YXFNOKTfwsQ==",
      "dependencies": [
        "load-json-file",
        "normalize-package-data",
        "path-type"
      ]
    },
    "readable-stream@2.3.8": {
      "integrity": "sha512-8p0AUk4XODgIewSi0l8Epjs+EVnWiK7NoDIEGU0HhE7+ZyY8D1IMY7odu5lRrFXGg71L15KG8QrPmum45RTtdA==",
      "dependencies": [
        "core-util-is",
        "inherits",
        "isarray",
        "process-nextick-args",
        "safe-buffer",
        "string_decoder",
        "util-deprecate"
      ]
    },
    "readable-stream@3.6.2": {
      "integrity": "sha512-9u/sniCrY3D5WdsERHzHE4G2YCXqoG5FTHUiCC4SIbr6XcLZBY05ya9EKjYek9O5xOAwjGq+1JdGBAS7Q9ScoA==",
      "dependencies": [
        "inherits",
        "string_decoder",
        "util-deprecate"
      ]
    },
    "redent@1.0.0": {
      "integrity": "sha512-qtW5hKzGQZqKoh6JNSD+4lfitfPKGz42e6QwiRmPM5mmKtR0N41AbJRYu0xJi7nhOJ4WDgRkKvAk6tw4WIwR4g==",
      "dependencies": [
        "indent-string",
        "strip-indent"
      ]
    },
    "repeating@2.0.1": {
      "integrity": "sha512-ZqtSMuVybkISo2OWvqvm7iHSWngvdaW3IpsT9/uP8v4gMi591LY6h35wdOfvQdWCKFWZWm2Y1Opp4kV7vQKT6A==",
      "dependencies": [
        "is-finite"
      ]
    },
    "resolve@1.22.10": {
      "integrity": "sha512-NPRy+/ncIMeDlTAsuqwKIiferiawhefFJtkNSW0qZJEqMEb+qBt/77B/jGeeek+F0uOeN05CDa6HXbbIgtVX4w==",
      "dependencies": [
        "is-core-module",
        "path-parse",
        "supports-preserve-symlinks-flag"
      ]
    },
    "rtf-converter@0.1.22": {
      "integrity": "sha512-Cy+CGeIGxPeukAB0pzMIDO3Uv/4rtaH7R2YJyfjObiSk9e1KJuI+KGJVXaJ5mW7yGpxxvJILO6T7+eJZ3+FAEg=="
    },
    "safe-buffer@5.1.2": {
      "integrity": "sha512-Gd2UZBJDkXlY7GbJxfsE8/nvKkUEU1G38c1siN6QP6a9PT9MmHB8GnpscSmMJSoF8LOIrt8ud/wPtojys4G6+g=="
    },
    "sax@1.4.1": {
      "integrity": "sha512-+aWOz7yVScEGoKNd4PA10LZ8sk0A/z5+nXQG5giUO5rprX9jgYsTdov9qCchZiPIZezbZH+jRut8nPodFAX4Jg=="
    },
    "semver@5.7.2": {
      "integrity": "sha512-cBznnQ9KjJqU67B52RMC65CMarK2600WFnbkcaiwWq3xy/5haFJlshgnpjovMVJ+Hff49d8GEn0b87C5pDQ10g=="
    },
    "semver@7.7.1": {
      "integrity": "sha512-hlq8tAfn0m/61p4BVRcPzIGr6LKiMwo4VM6dGi6pt4qcRkmNzTcWq6eCEjEh+qXjkMDvPlOFFSGwQjoEa6gyMA=="
    },
    "signal-exit@3.0.7": {
      "integrity": "sha512-wnD2ZE+l+SPC/uoS0vXeE9L1+0wuaMqKlfz9AMUo38JsyLSBWSFcHR1Rri62LZc12vLr1gb3jl7iwQhgwpAbGQ=="
    },
    "spdx-correct@3.2.0": {
      "integrity": "sha512-kN9dJbvnySHULIluDHy32WHRUu3Og7B9sbY7tsFLctQkIqnMh3hErYgdMjTYuqmcXX+lK5T1lnUt3G7zNswmZA==",
      "dependencies": [
        "spdx-expression-parse",
        "spdx-license-ids"
      ]
    },
    "spdx-exceptions@2.5.0": {
      "integrity": "sha512-PiU42r+xO4UbUS1buo3LPJkjlO7430Xn5SVAhdpzzsPHsjbYVflnnFdATgabnLude+Cqu25p6N+g2lw/PFsa4w=="
    },
    "spdx-expression-parse@3.0.1": {
      "integrity": "sha512-cbqHunsQWnJNE6KhVSMsMeH5H/L9EpymbzqTQ3uLwNCLZ1Q481oWaofqH7nO6V07xlXwY6PhQdQ2IedWx/ZK4Q==",
      "dependencies": [
        "spdx-exceptions",
        "spdx-license-ids"
      ]
    },
    "spdx-license-ids@3.0.21": {
      "integrity": "sha512-Bvg/8F5XephndSK3JffaRqdT+gyhfqIPwDHpX80tJrF8QQRYMo8sNMeaZ2Dp5+jhwKnUmIOyFFQfHRkjJm5nXg=="
    },
    "ssf@0.8.2": {
      "integrity": "sha512-+ZkFDAG+ImJ48DcZvabx6YTrZ67DKkM0kbyOOtH73mbUEvNhQWWgRZrHC8+k7GuGKWQnACYLi7bj0eCt1jmosQ==",
      "dependencies": [
        "colors",
        "frac",
        "voc"
      ]
    },
    "string_decoder@1.1.1": {
      "integrity": "sha512-n/ShnvDi6FHbbVfviro+WojiFzv+s8MPMHBczVePfUpDJLwoLT0ht1l4YwBCbi8pJAveEEdnkHyPyTP/mzRfwg==",
      "dependencies": [
        "safe-buffer"
      ]
    },
    "strip-bom@2.0.0": {
      "integrity": "sha512-kwrX1y7czp1E69n2ajbG65mIo9dqvJ+8aBQXOGVxqwvNbsXdFM6Lq37dLAY3mknUwru8CfcCbfOLL/gMo+fi3g==",
      "dependencies": [
        "is-utf8"
      ]
    },
    "strip-indent@1.0.1": {
      "integrity": "sha512-I5iQq6aFMM62fBEAIB/hXzwJD6EEZ0xEGCX2t7oXqaKPIRgt4WruAQ285BISgdkP+HLGWyeGmNJcpIwFeRYRUA==",
      "dependencies": [
        "get-stdin"
      ]
    },
    "supports-preserve-symlinks-flag@1.0.0": {
      "integrity": "sha512-ot0WnXS9fgdkgIcePe6RHNk1WA8+muPa6cSjeR3V8K27q9BB1rTE3R1p7Hv0z1ZyAc8s6Vvv8DIyWf681MAt0w=="
    },
    "textract@2.5.0": {
      "integrity": "sha512-sSic0+fZMx9jxfqQVpGlHPzxv/3VTp95o7r/reMNMXq8DWqimDLqO+NvoZVihHYyOBHbF22NlUx+6ZveFzNHiA==",
      "dependencies": [
        "cheerio",
        "epub2",
        "got",
        "html-entities",
        "iconv-lite",
        "j",
        "jschardet",
        "marked",
        "meow",
        "mime",
        "pdf-text-extract",
        "xmldom",
        "xpath",
        "yauzl"
      ]
    },
    "timed-out@3.1.3": {
      "integrity": "sha512-3RB4qgvPkxF/FGPnrzaWLhW1rxNK2sdH0mFjbhxkfTR6QXvcM3EtYm9L44UrhODZrZ+yhDXeMncLqi8QXn2MJg=="
    },
    "trim-newlines@1.0.0": {
      "integrity": "sha512-Nm4cF79FhSTzrLKGDMi3I4utBtFv8qKy4sq1enftf2gMdpqI8oVQTAfySkTz5r49giVzDj88SVZXP4CeYQwjaw=="
    },
    "typedarray@0.0.6": {
      "integrity": "sha512-/aCDEGatGvZ2BIk+HmLf4ifCJFwvKFNb9/JeZPMulfgFracn9QFcAf5GO8B/mweUjSoblS5In0cWhqpfs/5PQA=="
    },
    "undici-types@6.20.0": {
      "integrity": "sha512-Ny6QZ2Nju20vw1SRHe3d9jVu6gJ+4e3+MMpqu7pqE5HT6WsTSlce++GQmK5UXS8mzV8DSYHrQH+Xrf2jVcuKNg=="
    },
    "unzip-response@1.0.2": {
      "integrity": "sha512-pwCcjjhEcpW45JZIySExBHYv5Y9EeL2OIGEfrSKp2dMUFGFv4CpvZkwJbVge8OvGH2BNNtJBx67DuKuJhf+N5Q=="
    },
    "url-parse-lax@1.0.0": {
      "integrity": "sha512-BVA4lR5PIviy2PMseNd2jbFQ+jwSwQGdJejf5ctd1rEXt0Ypd7yanUK9+lYechVlN5VaTJGsu2U/3MDDu6KgBA==",
      "dependencies": [
        "prepend-http"
      ]
    },
    "util-deprecate@1.0.2": {
      "integrity": "sha512-EPD5q1uXyFxJpCrLnCc1nHnq3gOa6DZBocAIiI2TaSCA7VCJ1UJDMagCzIkXNsUYfD1daK//LTEQ8xiIbrHtcw=="
    },
    "validate-npm-package-license@3.0.4": {
      "integrity": "sha512-DpKm2Ui/xN7/HQKCtpZxoRWBhZ9Z0kqtygG8XCgNQ8ZlDnxuQmWhj566j8fN4Cu3/JmbhsDo7fcAJq4s9h27Ew==",
      "dependencies": [
        "spdx-correct",
        "spdx-expression-parse"
      ]
    },
    "voc@1.2.0": {
      "integrity": "sha512-BOuDjFFYvJdZO6e/N65AlaDItXo2TgyLjeyRYcqgAPkXpp5yTJcvkL2n+syO1r9Qc5g96tfBD2tuiMhYDmaGcA=="
    },
    "xlsjs@0.7.6": {
      "integrity": "sha512-IQtL2z+BVYaIVzEhknZ1YBr8ItUbqiS7kaQZ3O35/k1q+kSgjVxmzwno6r3EbBgEWhrVCad2mKbnFeMmEE5zdw==",
      "dependencies": [
        "cfb",
        "codepage@1.15.0",
        "commander",
        "exit-on-epipe",
        "ssf"
      ]
    },
    "xlsx@0.7.12": {
      "integrity": "sha512-+dljNu2OdnbvAsjWZPlB4YMsJjC0JcNeR0cYH5lowp2YrxF55HjgD0jcff9alUDHxEKGw0nLIlbd9K+QbteEgg==",
      "dependencies": [
        "adler-32",
        "cfb",
        "codepage@1.3.8",
        "commander",
        "crc-32",
        "jszip",
        "ssf"
      ]
    },
    "xml2js@0.4.23": {
      "integrity": "sha512-ySPiMjM0+pLDftHgXY4By0uswI3SPKLDw/i3UXbnO8M/p28zqexCUoPmQFrYD+/1BzhGJSs2i1ERWKJAtiLrug==",
      "dependencies": [
        "sax",
        "xmlbuilder"
      ]
    },
    "xmlbuilder@11.0.1": {
      "integrity": "sha512-fDlsI/kFEx7gLvbecc0/ohLG50fugQp8ryHzMTuW9vSa1GJ0XYWKnhsUx7oie3G98+r56aTQIUB4kht42R3JvA=="
    },
    "xmldom@0.1.27": {
      "integrity": "sha512-7WpJBYwyhvsddFJA51SOIU0Be9W44sbGGjc6Z3ly8Wx/Wl7nriMPZ5xf6Np9ASlJ6gACfXcTLukm4DtX372lFw=="
    },
    "xpath@0.0.23": {
      "integrity": "sha512-WHBD7+PebdFl+vGmhl/TnFLHDCTytivkerph52SF+2IUtil+lbOEK0BHHAoL+z4JOHIaF5R7Dh9VgrpnzVOFRA=="
    },
    "yargs@1.3.3": {
      "integrity": "sha512-7OGt4xXoWJQh5ulgZ78rKaqY7dNWbjfK+UKxGcIlaM2j7C4fqGchyv8CPvEWdRPrHp6Ula/YU8yGRpYGOHrI+g=="
    },
    "yauzl@2.7.0": {
      "integrity": "sha512-Va3zHtr8LlgGA793wwelHBRqUy8EFStjxv80VpBRuvgK6twAn4L7aPs/M7S0tVFbR3LXsIqAPZRbCDbKDZlGhg==",
      "dependencies": [
        "buffer-crc32",
        "fd-slicer"
      ]
    }
  },
  "redirects": {
    "https://deno.land/x/pocketbase/mod.ts": "https://deno.land/x/pocketbase@0.0.4/mod.ts"
  },
  "remote": {
    "https://deno.land/std@0.170.0/_util/asserts.ts": "d0844e9b62510f89ce1f9878b046f6a57bf88f208a10304aab50efcb48365272",
    "https://deno.land/std@0.170.0/_util/os.ts": "8a33345f74990e627b9dfe2de9b040004b08ea5146c7c9e8fe9a29070d193934",
    "https://deno.land/std@0.170.0/fs/_util.ts": "fdc156f897197f261a1c096dcf8ff9267ed0ff42bd5b31f55053a4763a4bae3b",
    "https://deno.land/std@0.170.0/fs/walk.ts": "677eac2e5386217a7a4e7526769ae28b41ff4ae7a3cd0389f3aa4eb662545edd",
    "https://deno.land/std@0.170.0/path/_constants.ts": "df1db3ffa6dd6d1252cc9617e5d72165cd2483df90e93833e13580687b6083c3",
    "https://deno.land/std@0.170.0/path/_interface.ts": "ee3b431a336b80cf445441109d089b70d87d5e248f4f90ff906820889ecf8d09",
    "https://deno.land/std@0.170.0/path/_util.ts": "d16be2a16e1204b65f9d0dfc54a9bc472cafe5f4a190b3c8471ec2016ccd1677",
    "https://deno.land/std@0.170.0/path/common.ts": "bee563630abd2d97f99d83c96c2fa0cca7cee103e8cb4e7699ec4d5db7bd2633",
    "https://deno.land/std@0.170.0/path/glob.ts": "81cc6c72be002cd546c7a22d1f263f82f63f37fe0035d9726aa96fc8f6e4afa1",
    "https://deno.land/std@0.170.0/path/mod.ts": "cf7cec7ac11b7048bb66af8ae03513e66595c279c65cfa12bfc07d9599608b78",
    "https://deno.land/std@0.170.0/path/posix.ts": "b859684bc4d80edfd4cad0a82371b50c716330bed51143d6dcdbe59e6278b30c",
    "https://deno.land/std@0.170.0/path/separator.ts": "fe1816cb765a8068afb3e8f13ad272351c85cbc739af56dacfc7d93d710fe0f9",
    "https://deno.land/std@0.170.0/path/win32.ts": "7cebd2bda6657371adc00061a1d23fdd87bcdf64b4843bb148b0b24c11b40f69",
    "https://deno.land/x/eventsource@v0.0.3/mod.ts": "d54e3a6ff44f2061bc104dc88caaedac01fc3da9be5cd4f1eca7daa7e45bf07f",
    "https://deno.land/x/pocketbase@0.0.4/mod.ts": "4f9baddcf05574cda2716274b0e64177390356b8492850feef5a603f46ca5c67"
  },
  "workspace": {
    "dependencies": [
      "jsr:@std/assert@1",
      "jsr:@ventgrey/pbdq@~0.22.5",
      "npm:moment@^2.30.1",
      "npm:node-unrtf@^5.0.5",
      "npm:pocketbase@0.26",
      "npm:rtf-converter@~0.1.22",
      "npm:textract@^2.5.0"
    ]
  }
}
